
Microsoft Visual Studio Solution File, Format Version 12.00
# Visual Studio 15
VisualStudioVersion = 15.0.28010.2050
MinimumVisualStudioVersion = 10.0.40219.1
Project("{FAE04EC0-301F-11D3-BF4B-00C04F79EFBC}") = "NestedLoopChallenge", "NestedLoopChallenge\NestedLoopChallenge.csproj", "{CE757960-98A0-47C4-B75F-BF473101F200}"
EndProject
Global
	GlobalSection(SolutionConfigurationPlatforms) = preSolution
		Debug|Any CPU = Debug|Any CPU
		Release|Any CPU = Release|Any CPU
	EndGlobalSection
	GlobalSection(ProjectConfigurationPlatforms) = postSolution
		{CE757960-98A0-47C4-B75F-BF473101F200}.Debug|Any CPU.ActiveCfg = Debug|Any CPU
		{CE757960-98A0-47C4-B75F-BF473101F200}.Debug|Any CPU.Build.0 = Debug|Any CPU
		{CE757960-98A0-47C4-B75F-BF473101F200}.Release|Any CPU.ActiveCfg = Release|Any CPU
		{CE757960-98A0-47C4-B75F-BF473101F200}.Release|Any CPU.Build.0 = Release|Any CPU
	EndGlobalSection
	GlobalSection(SolutionProperties) = preSolution
		HideSolutionNode = FALSE
	EndGlobalSection
	GlobalSection(ExtensibilityGlobals) = postSolution
		SolutionGuid = {28D727A0-2273-4AF6-A7B7-17493D63B33B}
	EndGlobalSection
EndGlobal
