
Microsoft Visual Studio Solution File, Format Version 12.00
# Visual Studio 15
VisualStudioVersion = 15.0.28307.102
MinimumVisualStudioVersion = 10.0.40219.1
Project("{FAE04EC0-301F-11D3-BF4B-00C04F79EFBC}") = "LearningConcurrent", "LearningConcurrent\LearningConcurrent.csproj", "{015F26C3-11A8-410E-A134-D800C333547F}"
EndProject
Global
	GlobalSection(SolutionConfigurationPlatforms) = preSolution
		Debug|Any CPU = Debug|Any CPU
		Release|Any CPU = Release|Any CPU
	EndGlobalSection
	GlobalSection(ProjectConfigurationPlatforms) = postSolution
		{015F26C3-11A8-410E-A134-D800C333547F}.Debug|Any CPU.ActiveCfg = Debug|Any CPU
		{015F26C3-11A8-410E-A134-D800C333547F}.Debug|Any CPU.Build.0 = Debug|Any CPU
		{015F26C3-11A8-410E-A134-D800C333547F}.Release|Any CPU.ActiveCfg = Release|Any CPU
		{015F26C3-11A8-410E-A134-D800C333547F}.Release|Any CPU.Build.0 = Release|Any CPU
	EndGlobalSection
	GlobalSection(SolutionProperties) = preSolution
		HideSolutionNode = FALSE
	EndGlobalSection
	GlobalSection(ExtensibilityGlobals) = postSolution
		SolutionGuid = {C21C3D9A-7724-45FC-96C5-DCD85138FD5D}
	EndGlobalSection
EndGlobal
