
Microsoft Visual Studio Solution File, Format Version 12.00
# Visual Studio 15
VisualStudioVersion = 15.0.28307.102
MinimumVisualStudioVersion = 10.0.40219.1
Project("{FAE04EC0-301F-11D3-BF4B-00C04F79EFBC}") = "LearningDictionaries", "LearningDictionaries\LearningDictionaries.csproj", "{04028301-9E14-4995-BC77-2BB61BD6355C}"
EndProject
Global
	GlobalSection(SolutionConfigurationPlatforms) = preSolution
		Debug|Any CPU = Debug|Any CPU
		Release|Any CPU = Release|Any CPU
	EndGlobalSection
	GlobalSection(ProjectConfigurationPlatforms) = postSolution
		{04028301-9E14-4995-BC77-2BB61BD6355C}.Debug|Any CPU.ActiveCfg = Debug|Any CPU
		{04028301-9E14-4995-BC77-2BB61BD6355C}.Debug|Any CPU.Build.0 = Debug|Any CPU
		{04028301-9E14-4995-BC77-2BB61BD6355C}.Release|Any CPU.ActiveCfg = Release|Any CPU
		{04028301-9E14-4995-BC77-2BB61BD6355C}.Release|Any CPU.Build.0 = Release|Any CPU
	EndGlobalSection
	GlobalSection(SolutionProperties) = preSolution
		HideSolutionNode = FALSE
	EndGlobalSection
	GlobalSection(ExtensibilityGlobals) = postSolution
		SolutionGuid = {5906EB16-1599-4990-80CC-DD5CD30A453E}
	EndGlobalSection
EndGlobal
